// !$*UTF8*$!
{
	archiveVersion = 1;
	classes = {
	};
	objectVersion = 46;
	objects = {

/* Begin PBXBuildFile section */
		B03EC8761DC7CD8C00B174BA /* Constants.swift in Sources */ = {isa = PBXBuildFile; fileRef = B03EC8751DC7CD8C00B174BA /* Constants.swift */; };
		B0B276601DC3A67E005C2B94 /* PokeCell.swift in Sources */ = {isa = PBXBuildFile; fileRef = B0B2765F1DC3A67E005C2B94 /* PokeCell.swift */; };
		B0B276621DC3B729005C2B94 /* csv.swift in Sources */ = {isa = PBXBuildFile; fileRef = B0B276611DC3B729005C2B94 /* csv.swift */; };
		B0B276641DC3BC97005C2B94 /* Pokemon.ttf in Resources */ = {isa = PBXBuildFile; fileRef = B0B276631DC3BC97005C2B94 /* Pokemon.ttf */; };
		B0B276691DC3BEA8005C2B94 /* music.png in Resources */ = {isa = PBXBuildFile; fileRef = B0B276681DC3BEA8005C2B94 /* music.png */; };
		B0B2766B1DC3C048005C2B94 /* music.mp3 in Resources */ = {isa = PBXBuildFile; fileRef = B0B2766A1DC3C048005C2B94 /* music.mp3 */; };
		B0E1BCD11DC79B52000F21E2 /* PokemonDetailVC.swift in Sources */ = {isa = PBXBuildFile; fileRef = B0E1BCD01DC79B52000F21E2 /* PokemonDetailVC.swift */; };
		B0E67D661DC2A825009F6144 /* AppDelegate.swift in Sources */ = {isa = PBXBuildFile; fileRef = B0E67D651DC2A825009F6144 /* AppDelegate.swift */; };
		B0E67D681DC2A825009F6144 /* MainVC.swift in Sources */ = {isa = PBXBuildFile; fileRef = B0E67D671DC2A825009F6144 /* MainVC.swift */; };
		B0E67D6B1DC2A826009F6144 /* Main.storyboard in Resources */ = {isa = PBXBuildFile; fileRef = B0E67D691DC2A826009F6144 /* Main.storyboard */; };
		B0E67D6E1DC2A826009F6144 /* Pokedex.xcdatamodeld in Sources */ = {isa = PBXBuildFile; fileRef = B0E67D6C1DC2A826009F6144 /* Pokedex.xcdatamodeld */; };
		B0E67D701DC2A826009F6144 /* Assets.xcassets in Resources */ = {isa = PBXBuildFile; fileRef = B0E67D6F1DC2A826009F6144 /* Assets.xcassets */; };
		B0E67D731DC2A826009F6144 /* LaunchScreen.storyboard in Resources */ = {isa = PBXBuildFile; fileRef = B0E67D711DC2A826009F6144 /* LaunchScreen.storyboard */; };
		B0E67D7B1DC2A989009F6144 /* pokemon.csv in Resources */ = {isa = PBXBuildFile; fileRef = B0E67D7A1DC2A989009F6144 /* pokemon.csv */; };
		B0E67D7E1DC2AAF4009F6144 /* Pokemon.swift in Sources */ = {isa = PBXBuildFile; fileRef = B0E67D7D1DC2AAF4009F6144 /* Pokemon.swift */; };
		F9B82E97C2FC7FB7EF05F8ED /* Pods_Pokedex.framework in Frameworks */ = {isa = PBXBuildFile; fileRef = 3A2796FA558475A72BD0A796 /* Pods_Pokedex.framework */; };
/* End PBXBuildFile section */

/* Begin PBXFileReference section */
		3A2796FA558475A72BD0A796 /* Pods_Pokedex.framework */ = {isa = PBXFileReference; explicitFileType = wrapper.framework; includeInIndex = 0; path = Pods_Pokedex.framework; sourceTree = BUILT_PRODUCTS_DIR; };
		5102B26A29BF2438559F300C /* Pods-Pokedex.debug.xcconfig */ = {isa = PBXFileReference; includeInIndex = 1; lastKnownFileType = text.xcconfig; name = "Pods-Pokedex.debug.xcconfig"; path = "Pods/Target Support Files/Pods-Pokedex/Pods-Pokedex.debug.xcconfig"; sourceTree = "<group>"; };
		B03EC8751DC7CD8C00B174BA /* Constants.swift */ = {isa = PBXFileReference; fileEncoding = 4; lastKnownFileType = sourcecode.swift; path = Constants.swift; sourceTree = "<group>"; };
		B0B2765F1DC3A67E005C2B94 /* PokeCell.swift */ = {isa = PBXFileReference; fileEncoding = 4; lastKnownFileType = sourcecode.swift; path = PokeCell.swift; sourceTree = "<group>"; };
		B0B276611DC3B729005C2B94 /* csv.swift */ = {isa = PBXFileReference; fileEncoding = 4; lastKnownFileType = sourcecode.swift; path = csv.swift; sourceTree = "<group>"; };
		B0B276631DC3BC97005C2B94 /* Pokemon.ttf */ = {isa = PBXFileReference; lastKnownFileType = file; path = Pokemon.ttf; sourceTree = "<group>"; };
		B0B276681DC3BEA8005C2B94 /* music.png */ = {isa = PBXFileReference; lastKnownFileType = image.png; path = music.png; sourceTree = "<group>"; };
		B0B2766A1DC3C048005C2B94 /* music.mp3 */ = {isa = PBXFileReference; lastKnownFileType = audio.mp3; path = music.mp3; sourceTree = "<group>"; };
		B0E1BCD01DC79B52000F21E2 /* PokemonDetailVC.swift */ = {isa = PBXFileReference; fileEncoding = 4; lastKnownFileType = sourcecode.swift; path = PokemonDetailVC.swift; sourceTree = "<group>"; };
		B0E67D621DC2A825009F6144 /* Pokedex.app */ = {isa = PBXFileReference; explicitFileType = wrapper.application; includeInIndex = 0; path = Pokedex.app; sourceTree = BUILT_PRODUCTS_DIR; };
		B0E67D651DC2A825009F6144 /* AppDelegate.swift */ = {isa = PBXFileReference; lastKnownFileType = sourcecode.swift; path = AppDelegate.swift; sourceTree = "<group>"; };
		B0E67D671DC2A825009F6144 /* MainVC.swift */ = {isa = PBXFileReference; lastKnownFileType = sourcecode.swift; path = MainVC.swift; sourceTree = "<group>"; };
		B0E67D6A1DC2A826009F6144 /* Base */ = {isa = PBXFileReference; lastKnownFileType = file.storyboard; name = Base; path = Base.lproj/Main.storyboard; sourceTree = "<group>"; };
		B0E67D6D1DC2A826009F6144 /* Pokedex.xcdatamodel */ = {isa = PBXFileReference; lastKnownFileType = wrapper.xcdatamodel; path = Pokedex.xcdatamodel; sourceTree = "<group>"; };
		B0E67D6F1DC2A826009F6144 /* Assets.xcassets */ = {isa = PBXFileReference; lastKnownFileType = folder.assetcatalog; path = Assets.xcassets; sourceTree = "<group>"; };
		B0E67D721DC2A826009F6144 /* Base */ = {isa = PBXFileReference; lastKnownFileType = file.storyboard; name = Base; path = Base.lproj/LaunchScreen.storyboard; sourceTree = "<group>"; };
		B0E67D741DC2A826009F6144 /* Info.plist */ = {isa = PBXFileReference; lastKnownFileType = text.plist.xml; path = Info.plist; sourceTree = "<group>"; };
		B0E67D7A1DC2A989009F6144 /* pokemon.csv */ = {isa = PBXFileReference; fileEncoding = 4; lastKnownFileType = text; path = pokemon.csv; sourceTree = "<group>"; };
		B0E67D7D1DC2AAF4009F6144 /* Pokemon.swift */ = {isa = PBXFileReference; fileEncoding = 4; lastKnownFileType = sourcecode.swift; path = Pokemon.swift; sourceTree = "<group>"; };
		C93ABD500113B506B86B2FDB /* Pods-Pokedex.release.xcconfig */ = {isa = PBXFileReference; includeInIndex = 1; lastKnownFileType = text.xcconfig; name = "Pods-Pokedex.release.xcconfig"; path = "Pods/Target Support Files/Pods-Pokedex/Pods-Pokedex.release.xcconfig"; sourceTree = "<group>"; };
/* End PBXFileReference section */

/* Begin PBXFrameworksBuildPhase section */
		B0E67D5F1DC2A825009F6144 /* Frameworks */ = {
			isa = PBXFrameworksBuildPhase;
			buildActionMask = 2147483647;
			files = (
				F9B82E97C2FC7FB7EF05F8ED /* Pods_Pokedex.framework in Frameworks */,
			);
			runOnlyForDeploymentPostprocessing = 0;
		};
/* End PBXFrameworksBuildPhase section */

/* Begin PBXGroup section */
		28BA0E690FCAAB4CB826878B /* Frameworks */ = {
			isa = PBXGroup;
			children = (
				3A2796FA558475A72BD0A796 /* Pods_Pokedex.framework */,
			);
			name = Frameworks;
			sourceTree = "<group>";
		};
		2EADD97922727ABCDAF78C37 /* Pods */ = {
			isa = PBXGroup;
			children = (
				5102B26A29BF2438559F300C /* Pods-Pokedex.debug.xcconfig */,
				C93ABD500113B506B86B2FDB /* Pods-Pokedex.release.xcconfig */,
			);
			name = Pods;
			sourceTree = "<group>";
		};
		B0B2765E1DC3A652005C2B94 /* View */ = {
			isa = PBXGroup;
			children = (
				B0B2765F1DC3A67E005C2B94 /* PokeCell.swift */,
			);
			name = View;
			sourceTree = "<group>";
		};
		B0B276651DC3BCC0005C2B94 /* Controller */ = {
			isa = PBXGroup;
			children = (
				B0E67D671DC2A825009F6144 /* MainVC.swift */,
				B0E1BCD01DC79B52000F21E2 /* PokemonDetailVC.swift */,
			);
			name = Controller;
			sourceTree = "<group>";
		};
		B0B276661DC3BCDF005C2B94 /* Resources */ = {
			isa = PBXGroup;
			children = (
				B0E67D7A1DC2A989009F6144 /* pokemon.csv */,
				B0B276631DC3BC97005C2B94 /* Pokemon.ttf */,
				B0B276681DC3BEA8005C2B94 /* music.png */,
				B0B2766A1DC3C048005C2B94 /* music.mp3 */,
			);
			name = Resources;
			sourceTree = "<group>";
		};
		B0B276671DC3BD0D005C2B94 /* Util */ = {
			isa = PBXGroup;
			children = (
				B0E67D651DC2A825009F6144 /* AppDelegate.swift */,
				B0E67D691DC2A826009F6144 /* Main.storyboard */,
				B0E67D6F1DC2A826009F6144 /* Assets.xcassets */,
				B0B276611DC3B729005C2B94 /* csv.swift */,
				B0E67D711DC2A826009F6144 /* LaunchScreen.storyboard */,
				B0E67D741DC2A826009F6144 /* Info.plist */,
				B0E67D6C1DC2A826009F6144 /* Pokedex.xcdatamodeld */,
				B03EC8751DC7CD8C00B174BA /* Constants.swift */,
			);
			name = Util;
			sourceTree = "<group>";
		};
		B0E67D591DC2A825009F6144 = {
			isa = PBXGroup;
			children = (
				B0E67D641DC2A825009F6144 /* Pokedex */,
				B0E67D631DC2A825009F6144 /* Products */,
				2EADD97922727ABCDAF78C37 /* Pods */,
				28BA0E690FCAAB4CB826878B /* Frameworks */,
			);
			sourceTree = "<group>";
		};
		B0E67D631DC2A825009F6144 /* Products */ = {
			isa = PBXGroup;
			children = (
				B0E67D621DC2A825009F6144 /* Pokedex.app */,
			);
			name = Products;
			sourceTree = "<group>";
		};
		B0E67D641DC2A825009F6144 /* Pokedex */ = {
			isa = PBXGroup;
			children = (
				B0E67D7C1DC2AAE1009F6144 /* Model */,
				B0B2765E1DC3A652005C2B94 /* View */,
				B0B276651DC3BCC0005C2B94 /* Controller */,
				B0B276661DC3BCDF005C2B94 /* Resources */,
				B0B276671DC3BD0D005C2B94 /* Util */,
			);
			path = Pokedex;
			sourceTree = "<group>";
		};
		B0E67D7C1DC2AAE1009F6144 /* Model */ = {
			isa = PBXGroup;
			children = (
				B0E67D7D1DC2AAF4009F6144 /* Pokemon.swift */,
			);
			name = Model;
			sourceTree = "<group>";
		};
/* End PBXGroup section */

/* Begin PBXNativeTarget section */
		B0E67D611DC2A825009F6144 /* Pokedex */ = {
			isa = PBXNativeTarget;
			buildConfigurationList = B0E67D771DC2A826009F6144 /* Build configuration list for PBXNativeTarget "Pokedex" */;
			buildPhases = (
				D8668BB7B030A43238237407 /* [CP] Check Pods Manifest.lock */,
				B0E67D5E1DC2A825009F6144 /* Sources */,
				B0E67D5F1DC2A825009F6144 /* Frameworks */,
				B0E67D601DC2A825009F6144 /* Resources */,
				8F1858E804A28AA036271DF0 /* [CP] Embed Pods Frameworks */,
				603A1413372EF193057967F7 /* [CP] Copy Pods Resources */,
			);
			buildRules = (
			);
			dependencies = (
			);
			name = Pokedex;
			productName = Pokedex;
			productReference = B0E67D621DC2A825009F6144 /* Pokedex.app */;
			productType = "com.apple.product-type.application";
		};
/* End PBXNativeTarget section */

/* Begin PBXProject section */
		B0E67D5A1DC2A825009F6144 /* Project object */ = {
			isa = PBXProject;
			attributes = {
				LastSwiftUpdateCheck = 0800;
				LastUpgradeCheck = 0810;
				ORGANIZATIONNAME = "Jared Nielson";
				TargetAttributes = {
					B0E67D611DC2A825009F6144 = {
						CreatedOnToolsVersion = 8.0;
						DevelopmentTeam = VHTS4H8AHJ;
						LastSwiftMigration = 0810;
						ProvisioningStyle = Automatic;
					};
				};
			};
			buildConfigurationList = B0E67D5D1DC2A825009F6144 /* Build configuration list for PBXProject "Pokedex" */;
			compatibilityVersion = "Xcode 3.2";
			developmentRegion = English;
			hasScannedForEncodings = 0;
			knownRegions = (
				en,
				Base,
			);
			mainGroup = B0E67D591DC2A825009F6144;
			productRefGroup = B0E67D631DC2A825009F6144 /* Products */;
			projectDirPath = "";
			projectRoot = "";
			targets = (
				B0E67D611DC2A825009F6144 /* Pokedex */,
			);
		};
/* End PBXProject section */

/* Begin PBXResourcesBuildPhase section */
		B0E67D601DC2A825009F6144 /* Resources */ = {
			isa = PBXResourcesBuildPhase;
			buildActionMask = 2147483647;
			files = (
				B0B276641DC3BC97005C2B94 /* Pokemon.ttf in Resources */,
				B0E67D731DC2A826009F6144 /* LaunchScreen.storyboard in Resources */,
				B0E67D701DC2A826009F6144 /* Assets.xcassets in Resources */,
				B0E67D7B1DC2A989009F6144 /* pokemon.csv in Resources */,
				B0E67D6B1DC2A826009F6144 /* Main.storyboard in Resources */,
				B0B2766B1DC3C048005C2B94 /* music.mp3 in Resources */,
				B0B276691DC3BEA8005C2B94 /* music.png in Resources */,
			);
			runOnlyForDeploymentPostprocessing = 0;
		};
/* End PBXResourcesBuildPhase section */

/* Begin PBXShellScriptBuildPhase section */
		603A1413372EF193057967F7 /* [CP] Copy Pods Resources */ = {
			isa = PBXShellScriptBuildPhase;
			buildActionMask = 2147483647;
			files = (
			);
			inputPaths = (
			);
			name = "[CP] Copy Pods Resources";
			outputPaths = (
			);
			runOnlyForDeploymentPostprocessing = 0;
			shellPath = /bin/sh;
			shellScript = "\"${SRCROOT}/Pods/Target Support Files/Pods-Pokedex/Pods-Pokedex-resources.sh\"\n";
			showEnvVarsInLog = 0;
		};
		8F1858E804A28AA036271DF0 /* [CP] Embed Pods Frameworks */ = {
			isa = PBXShellScriptBuildPhase;
			buildActionMask = 2147483647;
			files = (
			);
			inputPaths = (
			);
			name = "[CP] Embed Pods Frameworks";
			outputPaths = (
			);
			runOnlyForDeploymentPostprocessing = 0;
			shellPath = /bin/sh;
			shellScript = "\"${SRCROOT}/Pods/Target Support Files/Pods-Pokedex/Pods-Pokedex-frameworks.sh\"\n";
			showEnvVarsInLog = 0;
		};
		D8668BB7B030A43238237407 /* [CP] Check Pods Manifest.lock */ = {
			isa = PBXShellScriptBuildPhase;
			buildActionMask = 2147483647;
			files = (
			);
			inputPaths = (
			);
			name = "[CP] Check Pods Manifest.lock";
			outputPaths = (
			);
			runOnlyForDeploymentPostprocessing = 0;
			shellPath = /bin/sh;
			shellScript = "diff \"${PODS_ROOT}/../Podfile.lock\" \"${PODS_ROOT}/Manifest.lock\" > /dev/null\nif [[ $? != 0 ]] ; then\n    cat << EOM\nerror: The sandbox is not in sync with the Podfile.lock. Run 'pod install' or update your CocoaPods installation.\nEOM\n    exit 1\nfi\n";
			showEnvVarsInLog = 0;
		};
/* End PBXShellScriptBuildPhase section */

/* Begin PBXSourcesBuildPhase section */
		B0E67D5E1DC2A825009F6144 /* Sources */ = {
			isa = PBXSourcesBuildPhase;
			buildActionMask = 2147483647;
			files = (
				B0B276621DC3B729005C2B94 /* csv.swift in Sources */,
				B0E67D681DC2A825009F6144 /* MainVC.swift in Sources */,
				B0E67D7E1DC2AAF4009F6144 /* Pokemon.swift in Sources */,
				B0E67D6E1DC2A826009F6144 /* Pokedex.xcdatamodeld in Sources */,
				B0E1BCD11DC79B52000F21E2 /* PokemonDetailVC.swift in Sources */,
				B0E67D661DC2A825009F6144 /* AppDelegate.swift in Sources */,
				B0B276601DC3A67E005C2B94 /* PokeCell.swift in Sources */,
				B03EC8761DC7CD8C00B174BA /* Constants.swift in Sources */,
			);
			runOnlyForDeploymentPostprocessing = 0;
		};
/* End PBXSourcesBuildPhase section */

/* Begin PBXVariantGroup section */
		B0E67D691DC2A826009F6144 /* Main.storyboard */ = {
			isa = PBXVariantGroup;
			children = (
				B0E67D6A1DC2A826009F6144 /* Base */,
			);
			name = Main.storyboard;
			sourceTree = "<group>";
		};
		B0E67D711DC2A826009F6144 /* LaunchScreen.storyboard */ = {
			isa = PBXVariantGroup;
			children = (
				B0E67D721DC2A826009F6144 /* Base */,
			);
			name = LaunchScreen.storyboard;
			sourceTree = "<group>";
		};
/* End PBXVariantGroup section */

/* Begin XCBuildConfiguration section */
		B0E67D751DC2A826009F6144 /* Debug */ = {
			isa = XCBuildConfiguration;
			buildSettings = {
				ALWAYS_SEARCH_USER_PATHS = NO;
				CLANG_ANALYZER_NONNULL = YES;
				CLANG_CXX_LANGUAGE_STANDARD = "gnu++0x";
				CLANG_CXX_LIBRARY = "libc++";
				CLANG_ENABLE_MODULES = YES;
				CLANG_ENABLE_OBJC_ARC = YES;
				CLANG_WARN_BOOL_CONVERSION = YES;
				CLANG_WARN_CONSTANT_CONVERSION = YES;
				CLANG_WARN_DIRECT_OBJC_ISA_USAGE = YES_ERROR;
				CLANG_WARN_DOCUMENTATION_COMMENTS = YES;
				CLANG_WARN_EMPTY_BODY = YES;
				CLANG_WARN_ENUM_CONVERSION = YES;
				CLANG_WARN_INFINITE_RECURSION = YES;
				CLANG_WARN_INT_CONVERSION = YES;
				CLANG_WARN_OBJC_ROOT_CLASS = YES_ERROR;
				CLANG_WARN_SUSPICIOUS_MOVE = YES;
				CLANG_WARN_SUSPICIOUS_MOVES = YES;
				CLANG_WARN_UNREACHABLE_CODE = YES;
				CLANG_WARN__DUPLICATE_METHOD_MATCH = YES;
				"CODE_SIGN_IDENTITY[sdk=iphoneos*]" = "iPhone Developer";
				COPY_PHASE_STRIP = NO;
				DEBUG_INFORMATION_FORMAT = dwarf;
				ENABLE_STRICT_OBJC_MSGSEND = YES;
				ENABLE_TESTABILITY = YES;
				GCC_C_LANGUAGE_STANDARD = gnu99;
				GCC_DYNAMIC_NO_PIC = NO;
				GCC_NO_COMMON_BLOCKS = YES;
				GCC_OPTIMIZATION_LEVEL = 0;
				GCC_PREPROCESSOR_DEFINITIONS = (
					"DEBUG=1",
					"$(inherited)",
				);
				GCC_WARN_64_TO_32_BIT_CONVERSION = YES;
				GCC_WARN_ABOUT_RETURN_TYPE = YES_ERROR;
				GCC_WARN_UNDECLARED_SELECTOR = YES;
				GCC_WARN_UNINITIALIZED_AUTOS = YES_AGGRESSIVE;
				GCC_WARN_UNUSED_FUNCTION = YES;
				GCC_WARN_UNUSED_VARIABLE = YES;
				IPHONEOS_DEPLOYMENT_TARGET = 10.0;
				MTL_ENABLE_DEBUG_INFO = YES;
				ONLY_ACTIVE_ARCH = YES;
				SDKROOT = iphoneos;
				SWIFT_ACTIVE_COMPILATION_CONDITIONS = DEBUG;
				SWIFT_OPTIMIZATION_LEVEL = "-Onone";
			};
			name = Debug;
		};
		B0E67D761DC2A826009F6144 /* Release */ = {
			isa = XCBuildConfiguration;
			buildSettings = {
				ALWAYS_SEARCH_USER_PATHS = NO;
				CLANG_ANALYZER_NONNULL = YES;
				CLANG_CXX_LANGUAGE_STANDARD = "gnu++0x";
				CLANG_CXX_LIBRARY = "libc++";
				CLANG_ENABLE_MODULES = YES;
				CLANG_ENABLE_OBJC_ARC = YES;
				CLANG_WARN_BOOL_CONVERSION = YES;
				CLANG_WARN_CONSTANT_CONVERSION = YES;
				CLANG_WARN_DIRECT_OBJC_ISA_USAGE = YES_ERROR;
				CLANG_WARN_DOCUMENTATION_COMMENTS = YES;
				CLANG_WARN_EMPTY_BODY = YES;
				CLANG_WARN_ENUM_CONVERSION = YES;
				CLANG_WARN_INFINITE_RECURSION = YES;
				CLANG_WARN_INT_CONVERSION = YES;
				CLANG_WARN_OBJC_ROOT_CLASS = YES_ERROR;
				CLANG_WARN_SUSPICIOUS_MOVE = YES;
				CLANG_WARN_SUSPICIOUS_MOVES = YES;
				CLANG_WARN_UNREACHABLE_CODE = YES;
				CLANG_WARN__DUPLICATE_METHOD_MATCH = YES;
				"CODE_SIGN_IDENTITY[sdk=iphoneos*]" = "iPhone Developer";
				COPY_PHASE_STRIP = NO;
				DEBUG_INFORMATION_FORMAT = "dwarf-with-dsym";
				ENABLE_NS_ASSERTIONS = NO;
				ENABLE_STRICT_OBJC_MSGSEND = YES;
				GCC_C_LANGUAGE_STANDARD = gnu99;
				GCC_NO_COMMON_BLOCKS = YES;
				GCC_WARN_64_TO_32_BIT_CONVERSION = YES;
				GCC_WARN_ABOUT_RETURN_TYPE = YES_ERROR;
				GCC_WARN_UNDECLARED_SELECTOR = YES;
				GCC_WARN_UNINITIALIZED_AUTOS = YES_AGGRESSIVE;
				GCC_WARN_UNUSED_FUNCTION = YES;
				GCC_WARN_UNUSED_VARIABLE = YES;
				IPHONEOS_DEPLOYMENT_TARGET = 10.0;
				MTL_ENABLE_DEBUG_INFO = NO;
				SDKROOT = iphoneos;
				SWIFT_OPTIMIZATION_LEVEL = "-Owholemodule";
				VALIDATE_PRODUCT = YES;
			};
			name = Release;
		};
		B0E67D781DC2A826009F6144 /* Debug */ = {
			isa = XCBuildConfiguration;
			baseConfigurationReference = 5102B26A29BF2438559F300C /* Pods-Pokedex.debug.xcconfig */;
			buildSettings = {
				ASSETCATALOG_COMPILER_APPICON_NAME = AppIcon;
				DEVELOPMENT_TEAM = VHTS4H8AHJ;
				INFOPLIST_FILE = Pokedex/Info.plist;
				LD_RUNPATH_SEARCH_PATHS = "$(inherited) @executable_path/Frameworks";
				PRODUCT_BUNDLE_IDENTIFIER = com.jnielson.Pokedex;
				PRODUCT_NAME = "$(TARGET_NAME)";
				SWIFT_VERSION = 3.0;
			};
			name = Debug;
		};
		B0E67D791DC2A826009F6144 /* Release */ = {
			isa = XCBuildConfiguration;
			baseConfigurationReference = C93ABD500113B506B86B2FDB /* Pods-Pokedex.release.xcconfig */;
			buildSettings = {
				ASSETCATALOG_COMPILER_APPICON_NAME = AppIcon;
				DEVELOPMENT_TEAM = VHTS4H8AHJ;
				INFOPLIST_FILE = Pokedex/Info.plist;
				LD_RUNPATH_SEARCH_PATHS = "$(inherited) @executable_path/Frameworks";
				PRODUCT_BUNDLE_IDENTIFIER = com.jnielson.Pokedex;
				PRODUCT_NAME = "$(TARGET_NAME)";
				SWIFT_VERSION = 3.0;
			};
			name = Release;
		};
/* End XCBuildConfiguration section */

/* Begin XCConfigurationList section */
		B0E67D5D1DC2A825009F6144 /* Build configuration list for PBXProject "Pokedex" */ = {
			isa = XCConfigurationList;
			buildConfigurations = (
				B0E67D751DC2A826009F6144 /* Debug */,
				B0E67D761DC2A826009F6144 /* Release */,
			);
			defaultConfigurationIsVisible = 0;
			defaultConfigurationName = Release;
		};
		B0E67D771DC2A826009F6144 /* Build configuration list for PBXNativeTarget "Pokedex" */ = {
			isa = XCConfigurationList;
			buildConfigurations = (
				B0E67D781DC2A826009F6144 /* Debug */,
				B0E67D791DC2A826009F6144 /* Release */,
			);
			defaultConfigurationIsVisible = 0;
			defaultConfigurationName = Release;
		};
/* End XCConfigurationList section */

/* Begin XCVersionGroup section */
		B0E67D6C1DC2A826009F6144 /* Pokedex.xcdatamodeld */ = {
			isa = XCVersionGroup;
			children = (
				B0E67D6D1DC2A826009F6144 /* Pokedex.xcdatamodel */,
			);
			currentVersion = B0E67D6D1DC2A826009F6144 /* Pokedex.xcdatamodel */;
			path = Pokedex.xcdatamodeld;
			sourceTree = "<group>";
			versionGroupType = wrapper.xcdatamodel;
		};
/* End XCVersionGroup section */
	};
	rootObject = B0E67D5A1DC2A825009F6144 /* Project object */;
}
